
Microsoft Visual Studio Solution File, Format Version 12.00
# Visual Studio Version 16
VisualStudioVersion = 16.0.30907.101
MinimumVisualStudioVersion = 10.0.40219.1
Project("{FAE04EC0-301F-11D3-BF4B-00C04F79EFBC}") = "ToDoListUI", "ToDoListUI\ToDoListUI.csproj", "{51D5857B-893F-4843-B4A8-924D4B027D41}"
EndProject
Project("{FAE04EC0-301F-11D3-BF4B-00C04F79EFBC}") = "ToDoListBL", "ToDoListBL\ToDoListBL.csproj", "{49E8EE4A-E27A-4A6F-B9E5-F83C9493448C}"
EndProject
Global
	GlobalSection(SolutionConfigurationPlatforms) = preSolution
		Debug|Any CPU = Debug|Any CPU
		Release|Any CPU = Release|Any CPU
	EndGlobalSection
	GlobalSection(ProjectConfigurationPlatforms) = postSolution
		{51D5857B-893F-4843-B4A8-924D4B027D41}.Debug|Any CPU.ActiveCfg = Debug|Any CPU
		{51D5857B-893F-4843-B4A8-924D4B027D41}.Debug|Any CPU.Build.0 = Debug|Any CPU
		{51D5857B-893F-4843-B4A8-924D4B027D41}.Release|Any CPU.ActiveCfg = Release|Any CPU
		{51D5857B-893F-4843-B4A8-924D4B027D41}.Release|Any CPU.Build.0 = Release|Any CPU
		{49E8EE4A-E27A-4A6F-B9E5-F83C9493448C}.Debug|Any CPU.ActiveCfg = Debug|Any CPU
		{49E8EE4A-E27A-4A6F-B9E5-F83C9493448C}.Debug|Any CPU.Build.0 = Debug|Any CPU
		{49E8EE4A-E27A-4A6F-B9E5-F83C9493448C}.Release|Any CPU.ActiveCfg = Release|Any CPU
		{49E8EE4A-E27A-4A6F-B9E5-F83C9493448C}.Release|Any CPU.Build.0 = Release|Any CPU
	EndGlobalSection
	GlobalSection(SolutionProperties) = preSolution
		HideSolutionNode = FALSE
	EndGlobalSection
	GlobalSection(ExtensibilityGlobals) = postSolution
		SolutionGuid = {64522C73-870A-49A1-9AD9-79C0BE385694}
	EndGlobalSection
EndGlobal
